Microsoft Visual Studio Solution File, Format Version 11.00
# Visual Studio 2008

Project("{8E7E9C00-81B8-FA64-654E-C9E8C5B5D6A0}") = "TeamArcher", "Assembly-CSharp-firstpass.csproj", "{A425C5F9-287D-21E0-8178-DF9D88BCDDD4}"
EndProject
Project("{8E7E9C00-81B8-FA64-654E-C9E8C5B5D6A0}") = "TeamArcher", "Assembly-CSharp.csproj", "{0220366D-FED1-CAF9-0FA1-4DF6004116D2}"
EndProject
Project("{8E7E9C00-81B8-FA64-654E-C9E8C5B5D6A0}") = "TeamArcher", "Assembly-CSharp-Editor.csproj", "{3A2CD65C-CBF8-F28D-F89E-9482EADC6CDE}"
EndProject
Global
	GlobalSection(SolutionConfigurationPlatforms) = preSolution
		Debug|Any CPU = Debug|Any CPU
		Release|Any CPU = Release|Any CPU
	EndGlobalSection
	GlobalSection(ProjectConfigurationPlatforms) = postSolution
		{A425C5F9-287D-21E0-8178-DF9D88BCDDD4}.Debug|Any CPU.ActiveCfg = Debug|Any CPU
		{A425C5F9-287D-21E0-8178-DF9D88BCDDD4}.Debug|Any CPU.Build.0 = Debug|Any CPU
		{A425C5F9-287D-21E0-8178-DF9D88BCDDD4}.Release|Any CPU.ActiveCfg = Release|Any CPU
		{A425C5F9-287D-21E0-8178-DF9D88BCDDD4}.Release|Any CPU.Build.0 = Release|Any CPU
		{0220366D-FED1-CAF9-0FA1-4DF6004116D2}.Debug|Any CPU.ActiveCfg = Debug|Any CPU
		{0220366D-FED1-CAF9-0FA1-4DF6004116D2}.Debug|Any CPU.Build.0 = Debug|Any CPU
		{0220366D-FED1-CAF9-0FA1-4DF6004116D2}.Release|Any CPU.ActiveCfg = Release|Any CPU
		{0220366D-FED1-CAF9-0FA1-4DF6004116D2}.Release|Any CPU.Build.0 = Release|Any CPU
		{3A2CD65C-CBF8-F28D-F89E-9482EADC6CDE}.Debug|Any CPU.ActiveCfg = Debug|Any CPU
		{3A2CD65C-CBF8-F28D-F89E-9482EADC6CDE}.Debug|Any CPU.Build.0 = Debug|Any CPU
		{3A2CD65C-CBF8-F28D-F89E-9482EADC6CDE}.Release|Any CPU.ActiveCfg = Release|Any CPU
		{3A2CD65C-CBF8-F28D-F89E-9482EADC6CDE}.Release|Any CPU.Build.0 = Release|Any CPU
	EndGlobalSection
	GlobalSection(SolutionProperties) = preSolution
		HideSolutionNode = FALSE
	EndGlobalSection
	GlobalSection(MonoDevelopProperties) = preSolution
		StartupItem = Assembly-CSharp.csproj
	EndGlobalSection
EndGlobal
