
Microsoft Visual Studio Solution File, Format Version 12.00
# Visual Studio 2015
Project("{FAE04EC0-301F-11D3-BF4B-00C04F79EFBC}") = "TeamArcher.CSharp.Plugins", "TeamArcher.CSharp.Plugins.csproj", "{F251B258-787A-588B-A18C-A12A9D233AB8}"
EndProject
Project("{FAE04EC0-301F-11D3-BF4B-00C04F79EFBC}") = "TeamArcher.CSharp", "TeamArcher.CSharp.csproj", "{346A63F9-BBD2-5ABF-9844-AF0E8F92F97B}"
EndProject
Project("{FAE04EC0-301F-11D3-BF4B-00C04F79EFBC}") = "TeamArcher.CSharp.Editor", "TeamArcher.CSharp.Editor.csproj", "{61AB21EE-EED5-8B7F-BF32-01AF9D61A0A1}"
EndProject
Global
	GlobalSection(SolutionConfigurationPlatforms) = preSolution
		Debug|Any CPU = Debug|Any CPU
		Release|Any CPU = Release|Any CPU
	EndGlobalSection
	GlobalSection(ProjectConfigurationPlatforms) = postSolution
		{F251B258-787A-588B-A18C-A12A9D233AB8}.Debug|Any CPU.ActiveCfg = Debug|Any CPU
		{F251B258-787A-588B-A18C-A12A9D233AB8}.Debug|Any CPU.Build.0 = Debug|Any CPU
		{F251B258-787A-588B-A18C-A12A9D233AB8}.Release|Any CPU.ActiveCfg = Release|Any CPU
		{F251B258-787A-588B-A18C-A12A9D233AB8}.Release|Any CPU.Build.0 = Release|Any CPU
		{346A63F9-BBD2-5ABF-9844-AF0E8F92F97B}.Debug|Any CPU.ActiveCfg = Debug|Any CPU
		{346A63F9-BBD2-5ABF-9844-AF0E8F92F97B}.Debug|Any CPU.Build.0 = Debug|Any CPU
		{346A63F9-BBD2-5ABF-9844-AF0E8F92F97B}.Release|Any CPU.ActiveCfg = Release|Any CPU
		{346A63F9-BBD2-5ABF-9844-AF0E8F92F97B}.Release|Any CPU.Build.0 = Release|Any CPU
		{61AB21EE-EED5-8B7F-BF32-01AF9D61A0A1}.Debug|Any CPU.ActiveCfg = Debug|Any CPU
		{61AB21EE-EED5-8B7F-BF32-01AF9D61A0A1}.Debug|Any CPU.Build.0 = Debug|Any CPU
		{61AB21EE-EED5-8B7F-BF32-01AF9D61A0A1}.Release|Any CPU.ActiveCfg = Release|Any CPU
		{61AB21EE-EED5-8B7F-BF32-01AF9D61A0A1}.Release|Any CPU.Build.0 = Release|Any CPU
	EndGlobalSection
	GlobalSection(SolutionProperties) = preSolution
		HideSolutionNode = FALSE
	EndGlobalSection
EndGlobal
